
Microsoft Visual Studio Solution File, Format Version 12.00
# Visual Studio Version 16
VisualStudioVersion = 16.0.29215.179
MinimumVisualStudioVersion = 10.0.40219.1
Project("{FAE04EC0-301F-11D3-BF4B-00C04F79EFBC}") = "FirstProject", "FirstProject\FirstProject.csproj", "{814D7BD8-5231-408D-BDD4-A6B42F256DDE}"
EndProject
Project("{FAE04EC0-301F-11D3-BF4B-00C04F79EFBC}") = "BasicTest1", "BasicTest1\BasicTest1.csproj", "{EE2F26D9-A340-4C02-990F-85FCFC263359}"
EndProject
Global
	GlobalSection(SolutionConfigurationPlatforms) = preSolution
		Debug|Any CPU = Debug|Any CPU
		Release|Any CPU = Release|Any CPU
	EndGlobalSection
	GlobalSection(ProjectConfigurationPlatforms) = postSolution
		{814D7BD8-5231-408D-BDD4-A6B42F256DDE}.Debug|Any CPU.ActiveCfg = Debug|Any CPU
		{814D7BD8-5231-408D-BDD4-A6B42F256DDE}.Debug|Any CPU.Build.0 = Debug|Any CPU
		{814D7BD8-5231-408D-BDD4-A6B42F256DDE}.Release|Any CPU.ActiveCfg = Release|Any CPU
		{814D7BD8-5231-408D-BDD4-A6B42F256DDE}.Release|Any CPU.Build.0 = Release|Any CPU
		{EE2F26D9-A340-4C02-990F-85FCFC263359}.Debug|Any CPU.ActiveCfg = Debug|Any CPU
		{EE2F26D9-A340-4C02-990F-85FCFC263359}.Debug|Any CPU.Build.0 = Debug|Any CPU
		{EE2F26D9-A340-4C02-990F-85FCFC263359}.Release|Any CPU.ActiveCfg = Release|Any CPU
		{EE2F26D9-A340-4C02-990F-85FCFC263359}.Release|Any CPU.Build.0 = Release|Any CPU
	EndGlobalSection
	GlobalSection(SolutionProperties) = preSolution
		HideSolutionNode = FALSE
	EndGlobalSection
	GlobalSection(ExtensibilityGlobals) = postSolution
		SolutionGuid = {0FCAD87B-3F6F-4A39-8760-32D00DD744D1}
	EndGlobalSection
EndGlobal
